
Microsoft Visual Studio Solution File, Format Version 12.00
# Visual Studio 15
VisualStudioVersion = 15.0.28307.271
MinimumVisualStudioVersion = 10.0.40219.1
Project("{FAE04EC0-301F-11D3-BF4B-00C04F79EFBC}") = "Assignment4", "Assignment4\Assignment4.csproj", "{1FFF725F-7B98-4623-B413-BDC0FFAB5500}"
EndProject
Global
	GlobalSection(SolutionConfigurationPlatforms) = preSolution
		Debug|Any CPU = Debug|Any CPU
		Release|Any CPU = Release|Any CPU
	EndGlobalSection
	GlobalSection(ProjectConfigurationPlatforms) = postSolution
		{1FFF725F-7B98-4623-B413-BDC0FFAB5500}.Debug|Any CPU.ActiveCfg = Debug|Any CPU
		{1FFF725F-7B98-4623-B413-BDC0FFAB5500}.Debug|Any CPU.Build.0 = Debug|Any CPU
		{1FFF725F-7B98-4623-B413-BDC0FFAB5500}.Release|Any CPU.ActiveCfg = Release|Any CPU
		{1FFF725F-7B98-4623-B413-BDC0FFAB5500}.Release|Any CPU.Build.0 = Release|Any CPU
	EndGlobalSection
	GlobalSection(SolutionProperties) = preSolution
		HideSolutionNode = FALSE
	EndGlobalSection
	GlobalSection(ExtensibilityGlobals) = postSolution
		SolutionGuid = {6B0C27C2-F7FD-4064-8270-3D13096252C7}
	EndGlobalSection
EndGlobal
