
Microsoft Visual Studio Solution File, Format Version 12.00
# Visual Studio 15
VisualStudioVersion = 15.0.28307.271
MinimumVisualStudioVersion = 10.0.40219.1
Project("{FAE04EC0-301F-11D3-BF4B-00C04F79EFBC}") = "Assignment4_Question14", "Assignment4_Question14\Assignment4_Question14.csproj", "{CBE4A85F-C3B8-4B29-BF2F-B7FB35FBD6BA}"
EndProject
Global
	GlobalSection(SolutionConfigurationPlatforms) = preSolution
		Debug|Any CPU = Debug|Any CPU
		Release|Any CPU = Release|Any CPU
	EndGlobalSection
	GlobalSection(ProjectConfigurationPlatforms) = postSolution
		{CBE4A85F-C3B8-4B29-BF2F-B7FB35FBD6BA}.Debug|Any CPU.ActiveCfg = Debug|Any CPU
		{CBE4A85F-C3B8-4B29-BF2F-B7FB35FBD6BA}.Debug|Any CPU.Build.0 = Debug|Any CPU
		{CBE4A85F-C3B8-4B29-BF2F-B7FB35FBD6BA}.Release|Any CPU.ActiveCfg = Release|Any CPU
		{CBE4A85F-C3B8-4B29-BF2F-B7FB35FBD6BA}.Release|Any CPU.Build.0 = Release|Any CPU
	EndGlobalSection
	GlobalSection(SolutionProperties) = preSolution
		HideSolutionNode = FALSE
	EndGlobalSection
	GlobalSection(ExtensibilityGlobals) = postSolution
		SolutionGuid = {1F3BDFED-B9AC-490B-A2DD-215F0E8E353B}
	EndGlobalSection
EndGlobal
